{
  "name": "@klebr55/orchestrator-pipeline-skill",
  "version": "1.0.0",
  "lockfileVersion": 3,
  "requires": true,
  "packages": {
    "": {
      "name": "@klebr55/orchestrator-pipeline-skill",
      "version": "1.0.0",
      "license": "MIT",
      "bin": {
        "orchestrator-pipeline": "bin/orchestrator-pipeline.mjs"
      },
      "engines": {
        "node": ">=20"
      }
    }
  }
}
